{
    "_readme": [
        "This file locks the dependencies of your project to a known state",
        "Read more about it at https://getcomposer.org/doc/01-basic-usage.md#composer-lock-the-lock-file",
        "This file is @generated automatically"
    ],
    "hash": "f6b55a30d151fa0f8bed7ab0435ee696",
    "content-hash": "ce672f68589b146fa8d3a1e7558f26cc",
    "packages": [
        {
            "name": "abraham/twitteroauth",
            "version": "0.6.2",
            "source": {
                "type": "git",
                "url": "https://github.com/abraham/twitteroauth.git",
                "reference": "d4fc4a3c36f5ecdfc8865ab1e7cefc432e49491c"
            },
            "dist": {
                "type": "zip",
                "url": "https://api.github.com/repos/abraham/twitteroauth/zipball/d4fc4a3c36f5ecdfc8865ab1e7cefc432e49491c",
                "reference": "d4fc4a3c36f5ecdfc8865ab1e7cefc432e49491c",
                "shasum": ""
            },
            "require": {
                "ext-curl": "*",
                "php": ">=5.5.0"
            },
            "require-dev": {
                "phpmd/phpmd": "2.2.*",
                "phpunit/phpunit": "4.7.*",
                "squizlabs/php_codesniffer": "2.3.*"
            },
            "type": "library",
            "autoload": {
                "psr-4": {
                    "Abraham\\TwitterOAuth\\": "src"
                }
            },
            "notification-url": "https://packagist.org/downloads/",
            "license": [
                "MIT"
            ],
            "authors": [
                {
                    "name": "Abraham Williams",
                    "email": "abraham@abrah.am",
                    "homepage": "https://abrah.am",
                    "role": "Developer"
                }
            ],
            "description": "The most popular PHP library for use with the Twitter OAuth REST API.",
            "homepage": "https://twitteroauth.com",
            "keywords": [
                "Twitter API",
                "Twitter oAuth",
                "api",
                "oauth",
                "rest",
                "social",
                "twitter"
            ],
            "time": "2015-11-05 04:04:20"
        },
        {
            "name": "dirkgroenen/pinterest-api-php",
            "version": "0.2.5",
            "source": {
                "type": "git",
                "url": "https://github.com/dirkgroenen/Pinterest-API-PHP.git",
                "reference": "91806d501a6a164ecee5f9720c6344e1858d812c"
            },
            "dist": {
                "type": "zip",
                "url": "https://api.github.com/repos/dirkgroenen/Pinterest-API-PHP/zipball/91806d501a6a164ecee5f9720c6344e1858d812c",
                "reference": "91806d501a6a164ecee5f9720c6344e1858d812c",
                "shasum": ""
            },
            "require": {
                "php": ">=5.4"
            },
            "require-dev": {
                "phpunit/phpunit": "4.7.*"
            },
            "type": "library",
            "autoload": {
                "psr-4": {
                    "DirkGroenen\\Pinterest\\": "src/Pinterest"
                }
            },
            "notification-url": "https://packagist.org/downloads/",
            "license": [
                "Apache-2.0"
            ],
            "authors": [
                {
                    "name": "Dirk Groenen",
                    "email": "dirk@bitlabs.nl",
                    "homepage": "http://dirkgroenen.nl",
                    "role": "Creator/Developer"
                }
            ],
            "description": "PHP Wrapper for the official Pinterest API",
            "keywords": [
                "api",
                "pinterest",
                "wrapper"
            ],
            "time": "2016-01-09 15:07:19"
        },
        {
            "name": "eher/oauth",
            "version": "1.0.7",
            "source": {
                "type": "git",
                "url": "https://github.com/EHER/OAuth.git",
                "reference": "935c1f7709d1c1457de9e250d0e5f29cac06e507"
            },
            "dist": {
                "type": "zip",
                "url": "https://api.github.com/repos/EHER/OAuth/zipball/935c1f7709d1c1457de9e250d0e5f29cac06e507",
                "reference": "935c1f7709d1c1457de9e250d0e5f29cac06e507",
                "shasum": ""
            },
            "require": {
                "php": ">=5.3.0"
            },
            "require-dev": {
                "eher/phpunit": "1.6"
            },
            "type": "library",
            "autoload": {
                "psr-0": {
                    "Eher\\OAuth": "src"
                }
            },
            "notification-url": "https://packagist.org/downloads/",
            "license": [
                "BSD-3-Clause"
            ],
            "description": "OAuth 1 PHP Library",
            "time": "2012-12-13 23:48:10"
        },
        {
            "name": "facebook/php-sdk-v4",
            "version": "5.1.2",
            "source": {
                "type": "git",
                "url": "https://github.com/facebook/facebook-php-sdk-v4.git",
                "reference": "2c42fb3002953355f12d3c6e8003a9fd5af563d9"
            },
            "dist": {
                "type": "zip",
                "url": "https://api.github.com/repos/facebook/facebook-php-sdk-v4/zipball/2c42fb3002953355f12d3c6e8003a9fd5af563d9",
                "reference": "2c42fb3002953355f12d3c6e8003a9fd5af563d9",
                "shasum": ""
            },
            "require": {
                "ext-mbstring": "*",
                "php": ">=5.4.0"
            },
            "require-dev": {
                "guzzlehttp/guzzle": "~5.0",
                "mockery/mockery": "~0.8",
                "phpunit/phpunit": "~4.0"
            },
            "suggest": {
                "guzzlehttp/guzzle": "Allows for implementation of the Guzzle HTTP client"
            },
            "type": "library",
            "extra": {
                "branch-alias": {
                    "dev-master": "5.x-dev"
                }
            },
            "autoload": {
                "psr-4": {
                    "Facebook\\": "src/Facebook/"
                }
            },
            "notification-url": "https://packagist.org/downloads/",
            "license": [
                "Facebook Platform"
            ],
            "authors": [
                {
                    "name": "Facebook",
                    "homepage": "https://github.com/facebook/facebook-php-sdk-v4/contributors"
                }
            ],
            "description": "Facebook SDK for PHP",
            "homepage": "https://github.com/facebook/facebook-php-sdk-v4",
            "keywords": [
                "facebook",
                "sdk"
            ],
            "time": "2015-11-19 21:07:36"
        },
        {
            "name": "guzzle/guzzle",
            "version": "v3.9.3",
            "source": {
                "type": "git",
                "url": "https://github.com/guzzle/guzzle3.git",
                "reference": "0645b70d953bc1c067bbc8d5bc53194706b628d9"
            },
            "dist": {
                "type": "zip",
                "url": "https://api.github.com/repos/guzzle/guzzle3/zipball/0645b70d953bc1c067bbc8d5bc53194706b628d9",
                "reference": "0645b70d953bc1c067bbc8d5bc53194706b628d9",
                "shasum": ""
            },
            "require": {
                "ext-curl": "*",
                "php": ">=5.3.3",
                "symfony/event-dispatcher": "~2.1"
            },
            "replace": {
                "guzzle/batch": "self.version",
                "guzzle/cache": "self.version",
                "guzzle/common": "self.version",
                "guzzle/http": "self.version",
                "guzzle/inflection": "self.version",
                "guzzle/iterator": "self.version",
                "guzzle/log": "self.version",
                "guzzle/parser": "self.version",
                "guzzle/plugin": "self.version",
                "guzzle/plugin-async": "self.version",
                "guzzle/plugin-backoff": "self.version",
                "guzzle/plugin-cache": "self.version",
                "guzzle/plugin-cookie": "self.version",
                "guzzle/plugin-curlauth": "self.version",
                "guzzle/plugin-error-response": "self.version",
                "guzzle/plugin-history": "self.version",
                "guzzle/plugin-log": "self.version",
                "guzzle/plugin-md5": "self.version",
                "guzzle/plugin-mock": "self.version",
                "guzzle/plugin-oauth": "self.version",
                "guzzle/service": "self.version",
                "guzzle/stream": "self.version"
            },
            "require-dev": {
                "doctrine/cache": "~1.3",
                "monolog/monolog": "~1.0",
                "phpunit/phpunit": "3.7.*",
                "psr/log": "~1.0",
                "symfony/class-loader": "~2.1",
                "zendframework/zend-cache": "2.*,<2.3",
                "zendframework/zend-log": "2.*,<2.3"
            },
            "suggest": {
                "guzzlehttp/guzzle": "Guzzle 5 has moved to a new package name. The package you have installed, Guzzle 3, is deprecated."
            },
            "type": "library",
            "extra": {
                "branch-alias": {
                    "dev-master": "3.9-dev"
                }
            },
            "autoload": {
                "psr-0": {
                    "Guzzle": "src/",
                    "Guzzle\\Tests": "tests/"
                }
            },
            "notification-url": "https://packagist.org/downloads/",
            "license": [
                "MIT"
            ],
            "authors": [
                {
                    "name": "Michael Dowling",
                    "email": "mtdowling@gmail.com",
                    "homepage": "https://github.com/mtdowling"
                },
                {
                    "name": "Guzzle Community",
                    "homepage": "https://github.com/guzzle/guzzle/contributors"
                }
            ],
            "description": "PHP HTTP client. This library is deprecated in favor of https://packagist.org/packages/guzzlehttp/guzzle",
            "homepage": "http://guzzlephp.org/",
            "keywords": [
                "client",
                "curl",
                "framework",
                "http",
                "http client",
                "rest",
                "web service"
            ],
            "time": "2015-03-18 18:23:50"
        },
        {
            "name": "linkedinapi/linkedin",
            "version": "1.1.0",
            "source": {
                "type": "git",
                "url": "https://github.com/ashwinks/PHP-LinkedIn-SDK.git",
                "reference": "7fa96885b99e9267b4ae5c0f463f5a550c47a66c"
            },
            "dist": {
                "type": "zip",
                "url": "https://api.github.com/repos/ashwinks/PHP-LinkedIn-SDK/zipball/7fa96885b99e9267b4ae5c0f463f5a550c47a66c",
                "reference": "7fa96885b99e9267b4ae5c0f463f5a550c47a66c",
                "shasum": ""
            },
            "require": {
                "php": ">=5.3.0"
            },
            "type": "library",
            "autoload": {
                "psr-0": {
                    "LinkedIn": "."
                }
            },
            "notification-url": "https://packagist.org/downloads/",
            "license": [
                "MIT"
            ],
            "authors": [
                {
                    "name": "Ashwin Surajbali",
                    "email": "ashwin@redinkdesign.net",
                    "homepage": "http://www.redinkdesign.co"
                }
            ],
            "description": "PHP LinkedIn SDK",
            "homepage": "https://github.com/ashwinks/PHP-LinkedIn-SDK",
            "keywords": [
                "api",
                "api client",
                "linkedin",
                "rest"
            ],
            "time": "2014-03-03 15:16:50"
        },
        {
            "name": "monolog/monolog",
            "version": "1.0.2",
            "source": {
                "type": "git",
                "url": "https://github.com/Seldaek/monolog.git",
                "reference": "b704c49a3051536f67f2d39f13568f74615b9922"
            },
            "dist": {
                "type": "zip",
                "url": "https://api.github.com/repos/Seldaek/monolog/zipball/b704c49a3051536f67f2d39f13568f74615b9922",
                "reference": "b704c49a3051536f67f2d39f13568f74615b9922",
                "shasum": ""
            },
            "require": {
                "php": ">=5.3.0"
            },
            "type": "library",
            "autoload": {
                "psr-0": {
                    "Monolog": "src/"
                }
            },
            "notification-url": "https://packagist.org/downloads/",
            "license": [
                "MIT"
            ],
            "authors": [
                {
                    "name": "Jordi Boggiano",
                    "email": "j.boggiano@seld.be",
                    "homepage": "http://seld.be",
                    "role": "Developer"
                }
            ],
            "description": "Logging for PHP 5.3",
            "homepage": "http://github.com/Seldaek/monolog",
            "keywords": [
                "log",
                "logging"
            ],
            "time": "2011-10-24 09:39:02"
        },
        {
            "name": "snipe/banbuilder",
            "version": "2.2.3",
            "source": {
                "type": "git",
                "url": "https://github.com/snipe/banbuilder.git",
                "reference": "180f5085cbfc71423176d60071250487163df9d0"
            },
            "dist": {
                "type": "zip",
                "url": "https://api.github.com/repos/snipe/banbuilder/zipball/180f5085cbfc71423176d60071250487163df9d0",
                "reference": "180f5085cbfc71423176d60071250487163df9d0",
                "shasum": ""
            },
            "require": {
                "php": ">=5.3.0"
            },
            "require-dev": {
                "phpunit/phpunit": "dev-master"
            },
            "type": "library",
            "autoload": {
                "psr-4": {
                    "Snipe\\BanBuilder\\": "src/"
                }
            },
            "notification-url": "https://packagist.org/downloads/",
            "license": [
                "AGPL-3.0"
            ],
            "authors": [
                {
                    "name": "snipe",
                    "email": "snipe@snipe.net",
                    "role": "Creator & Developer"
                }
            ],
            "description": "Library to easily handle profanity filtering in PHP projects.",
            "homepage": "http://banbuilder.com",
            "keywords": [
                "filter",
                "language",
                "profanity",
                "strings",
                "swear"
            ],
            "time": "2015-08-26 08:21:19"
        },
        {
            "name": "symfony/event-dispatcher",
            "version": "v2.8.2",
            "source": {
                "type": "git",
                "url": "https://github.com/symfony/event-dispatcher.git",
                "reference": "ee278f7c851533e58ca307f66305ccb9188aceda"
            },
            "dist": {
                "type": "zip",
                "url": "https://api.github.com/repos/symfony/event-dispatcher/zipball/ee278f7c851533e58ca307f66305ccb9188aceda",
                "reference": "ee278f7c851533e58ca307f66305ccb9188aceda",
                "shasum": ""
            },
            "require": {
                "php": ">=5.3.9"
            },
            "require-dev": {
                "psr/log": "~1.0",
                "symfony/config": "~2.0,>=2.0.5|~3.0.0",
                "symfony/dependency-injection": "~2.6|~3.0.0",
                "symfony/expression-language": "~2.6|~3.0.0",
                "symfony/stopwatch": "~2.3|~3.0.0"
            },
            "suggest": {
                "symfony/dependency-injection": "",
                "symfony/http-kernel": ""
            },
            "type": "library",
            "extra": {
                "branch-alias": {
                    "dev-master": "2.8-dev"
                }
            },
            "autoload": {
                "psr-4": {
                    "Symfony\\Component\\EventDispatcher\\": ""
                },
                "exclude-from-classmap": [
                    "/Tests/"
                ]
            },
            "notification-url": "https://packagist.org/downloads/",
            "license": [
                "MIT"
            ],
            "authors": [
                {
                    "name": "Fabien Potencier",
                    "email": "fabien@symfony.com"
                },
                {
                    "name": "Symfony Community",
                    "homepage": "https://symfony.com/contributors"
                }
            ],
            "description": "Symfony EventDispatcher Component",
            "homepage": "https://symfony.com",
            "time": "2016-01-13 10:28:07"
        },
        {
            "name": "tumblr/tumblr",
            "version": "v0.2.0",
            "source": {
                "type": "git",
                "url": "https://github.com/tumblr/tumblr.php.git",
                "reference": "efbae0a1a4079eeb8b895a40314b04499e63b1b7"
            },
            "dist": {
                "type": "zip",
                "url": "https://api.github.com/repos/tumblr/tumblr.php/zipball/efbae0a1a4079eeb8b895a40314b04499e63b1b7",
                "reference": "efbae0a1a4079eeb8b895a40314b04499e63b1b7",
                "shasum": ""
            },
            "require": {
                "eher/oauth": "1.0.*",
                "guzzle/guzzle": ">=3.1.0,<4"
            },
            "require-dev": {
                "phpunit/phpunit": "*"
            },
            "type": "library",
            "autoload": {
                "psr-0": {
                    "Tumblr\\API": "lib"
                }
            },
            "notification-url": "https://packagist.org/downloads/",
            "license": [
                "Apache-2.0"
            ],
            "authors": [
                {
                    "name": "John Crepezzi",
                    "email": "john.crepezzi@gmail.com",
                    "homepage": "https://github.com/seejohnrun",
                    "role": "developer"
                }
            ],
            "description": "Official Tumblr PHP Client",
            "homepage": "https://github.com/tumblr/tumblr.php",
            "keywords": [
                "api",
                "gif",
                "sdk",
                "tumblr"
            ],
            "time": "2014-12-16 21:06:57"
        }
    ],
    "packages-dev": [],
    "aliases": [],
    "minimum-stability": "stable",
    "stability-flags": [],
    "prefer-stable": false,
    "prefer-lowest": false,
    "platform": [],
    "platform-dev": []
}
